
Microsoft Visual Studio Solution File, Format Version 12.00
# Visual Studio Version 17
VisualStudioVersion = 17.9.34902.65
MinimumVisualStudioVersion = 10.0.40219.1
Project("{9A19103F-16F7-4668-BE54-9A1E7A4F7556}") = "SP_HW_23_09_2024", "SP_HW_23_09_2024.csproj", "{C1A3AFB9-C9CA-42B2-8974-2FCCA710DF73}"
EndProject
Global
	GlobalSection(SolutionConfigurationPlatforms) = preSolution
		Debug|Any CPU = Debug|Any CPU
		Release|Any CPU = Release|Any CPU
	EndGlobalSection
	GlobalSection(ProjectConfigurationPlatforms) = postSolution
		{C1A3AFB9-C9CA-42B2-8974-2FCCA710DF73}.Debug|Any CPU.ActiveCfg = Debug|Any CPU
		{C1A3AFB9-C9CA-42B2-8974-2FCCA710DF73}.Debug|Any CPU.Build.0 = Debug|Any CPU
		{C1A3AFB9-C9CA-42B2-8974-2FCCA710DF73}.Release|Any CPU.ActiveCfg = Release|Any CPU
		{C1A3AFB9-C9CA-42B2-8974-2FCCA710DF73}.Release|Any CPU.Build.0 = Release|Any CPU
	EndGlobalSection
	GlobalSection(SolutionProperties) = preSolution
		HideSolutionNode = FALSE
	EndGlobalSection
	GlobalSection(ExtensibilityGlobals) = postSolution
		SolutionGuid = {120ECC34-A37E-479D-A9B7-BCE0A6D72EDA}
	EndGlobalSection
EndGlobal
